{
  "requires": true,
  "lockfileVersion": 1,
  "dependencies": {
    "@types/googlemaps": {
      "version": "3.37.4",
      "resolved": "https://registry.npmjs.org/@types/googlemaps/-/googlemaps-3.37.4.tgz",
      "integrity": "sha512-T5thwZQCOCio5ACHOfqPI51W9FA3WkTb6mnaMnkkOfmpi20uXuMi+/IXE2YyUwBR07RQ2TAT9vchLJ+5mCtuag=="
    },
    "google-maps-angular2": {
      "version": "1.1.2",
      "resolved": "https://registry.npmjs.org/google-maps-angular2/-/google-maps-angular2-1.1.2.tgz",
      "integrity": "sha1-EpJ2CethsOzWp+d7688nWHtWk0o=",
      "requires": {
        "reflect-metadata": "^0.1.10"
      }
    },
    "reflect-metadata": {
      "version": "0.1.13",
      "resolved": "https://registry.npmjs.org/reflect-metadata/-/reflect-metadata-0.1.13.tgz",
      "integrity": "sha512-Ts1Y/anZELhSsjMcU605fU9RE4Oi3p5ORujwbIKXfWa+0Zxs510Qrmrce5/Jowq3cHSZSJqBjypxmHarc+vEWg=="
    }
  }
}
